
Microsoft Visual Studio Solution File, Format Version 12.00
# Visual Studio Version 17
VisualStudioVersion = 17.0.32126.317
MinimumVisualStudioVersion = 10.0.40219.1
Project("{9A19103F-16F7-4668-BE54-9A1E7A4F7556}") = "eTicaret.Core", "eTicaret.Core\eTicaret.Core.csproj", "{FF186267-59D9-474F-8A15-1B2E307C2D0C}"
EndProject
Project("{9A19103F-16F7-4668-BE54-9A1E7A4F7556}") = "eTicaret.Repository", "eTicaret.Data\eTicaret.Repository.csproj", "{CC63253E-9E66-449F-9F4A-35B16EB7AB14}"
EndProject
Project("{9A19103F-16F7-4668-BE54-9A1E7A4F7556}") = "eTicaret.Service", "eTicaret.Service\eTicaret.Service.csproj", "{2DE8D63D-1CF0-4D02-BAE7-4BF71E64C0D9}"
EndProject
Project("{9A19103F-16F7-4668-BE54-9A1E7A4F7556}") = "eTicaret.API", "eTicaret.API\eTicaret.API.csproj", "{5E98E22D-49B7-4B75-925B-0365519BDCE2}"
EndProject
Project("{9A19103F-16F7-4668-BE54-9A1E7A4F7556}") = "eTicaret.Caching", "eTicaret.Caching\eTicaret.Caching.csproj", "{4F009E7D-A897-44DF-BAEE-DE0023A6EC87}"
EndProject
Project("{FAE04EC0-301F-11D3-BF4B-00C04F79EFBC}") = "eTicaret.Shared", "eTicaret.Shared\eTicaret.Shared.csproj", "{24C9D4D8-CF0A-4F33-A433-8D5151B9CCB8}"
EndProject
Global
	GlobalSection(SolutionConfigurationPlatforms) = preSolution
		Debug|Any CPU = Debug|Any CPU
		Release|Any CPU = Release|Any CPU
	EndGlobalSection
	GlobalSection(ProjectConfigurationPlatforms) = postSolution
		{FF186267-59D9-474F-8A15-1B2E307C2D0C}.Debug|Any CPU.ActiveCfg = Debug|Any CPU
		{FF186267-59D9-474F-8A15-1B2E307C2D0C}.Debug|Any CPU.Build.0 = Debug|Any CPU
		{FF186267-59D9-474F-8A15-1B2E307C2D0C}.Release|Any CPU.ActiveCfg = Release|Any CPU
		{FF186267-59D9-474F-8A15-1B2E307C2D0C}.Release|Any CPU.Build.0 = Release|Any CPU
		{CC63253E-9E66-449F-9F4A-35B16EB7AB14}.Debug|Any CPU.ActiveCfg = Debug|Any CPU
		{CC63253E-9E66-449F-9F4A-35B16EB7AB14}.Debug|Any CPU.Build.0 = Debug|Any CPU
		{CC63253E-9E66-449F-9F4A-35B16EB7AB14}.Release|Any CPU.ActiveCfg = Release|Any CPU
		{CC63253E-9E66-449F-9F4A-35B16EB7AB14}.Release|Any CPU.Build.0 = Release|Any CPU
		{2DE8D63D-1CF0-4D02-BAE7-4BF71E64C0D9}.Debug|Any CPU.ActiveCfg = Debug|Any CPU
		{2DE8D63D-1CF0-4D02-BAE7-4BF71E64C0D9}.Debug|Any CPU.Build.0 = Debug|Any CPU
		{2DE8D63D-1CF0-4D02-BAE7-4BF71E64C0D9}.Release|Any CPU.ActiveCfg = Release|Any CPU
		{2DE8D63D-1CF0-4D02-BAE7-4BF71E64C0D9}.Release|Any CPU.Build.0 = Release|Any CPU
		{5E98E22D-49B7-4B75-925B-0365519BDCE2}.Debug|Any CPU.ActiveCfg = Debug|Any CPU
		{5E98E22D-49B7-4B75-925B-0365519BDCE2}.Debug|Any CPU.Build.0 = Debug|Any CPU
		{5E98E22D-49B7-4B75-925B-0365519BDCE2}.Release|Any CPU.ActiveCfg = Release|Any CPU
		{5E98E22D-49B7-4B75-925B-0365519BDCE2}.Release|Any CPU.Build.0 = Release|Any CPU
		{4F009E7D-A897-44DF-BAEE-DE0023A6EC87}.Debug|Any CPU.ActiveCfg = Debug|Any CPU
		{4F009E7D-A897-44DF-BAEE-DE0023A6EC87}.Debug|Any CPU.Build.0 = Debug|Any CPU
		{4F009E7D-A897-44DF-BAEE-DE0023A6EC87}.Release|Any CPU.ActiveCfg = Release|Any CPU
		{4F009E7D-A897-44DF-BAEE-DE0023A6EC87}.Release|Any CPU.Build.0 = Release|Any CPU
		{24C9D4D8-CF0A-4F33-A433-8D5151B9CCB8}.Debug|Any CPU.ActiveCfg = Debug|Any CPU
		{24C9D4D8-CF0A-4F33-A433-8D5151B9CCB8}.Debug|Any CPU.Build.0 = Debug|Any CPU
		{24C9D4D8-CF0A-4F33-A433-8D5151B9CCB8}.Release|Any CPU.ActiveCfg = Release|Any CPU
		{24C9D4D8-CF0A-4F33-A433-8D5151B9CCB8}.Release|Any CPU.Build.0 = Release|Any CPU
	EndGlobalSection
	GlobalSection(SolutionProperties) = preSolution
		HideSolutionNode = FALSE
	EndGlobalSection
	GlobalSection(ExtensibilityGlobals) = postSolution
		SolutionGuid = {35EB7898-0D31-4AC3-A218-DE6F01DA1636}
	EndGlobalSection
EndGlobal
